// !$*UTF8*$!
{
	archiveVersion = 1;
	classes = {
	};
	objectVersion = 56;
	objects = {

/* Begin PBXBuildFile section */
		8ACB552B2DE5CA3E00A00609 /* AppDelegate.swift in Sources */ = {isa = PBXBuildFile; fileRef = 8ACB552A2DE5CA3E00A00609 /* AppDelegate.swift */; };
		8ACB552D2DE5CA3E00A00609 /* SceneDelegate.swift in Sources */ = {isa = PBXBuildFile; fileRef = 8ACB552C2DE5CA3E00A00609 /* SceneDelegate.swift */; };
		8ACB552F2DE5CA3E00A00609 /* ViewController.swift in Sources */ = {isa = PBXBuildFile; fileRef = 8ACB552E2DE5CA3E00A00609 /* ViewController.swift */; };
		8ACB55322DE5CA3E00A00609 /* Main.storyboard in Resources */ = {isa = PBXBuildFile; fileRef = 8ACB55302DE5CA3E00A00609 /* Main.storyboard */; };
		8ACB55352DE5CA3E00A00609 /* TestProject.xcdatamodeld in Sources */ = {isa = PBXBuildFile; fileRef = 8ACB55332DE5CA3E00A00609 /* TestProject.xcdatamodeld */; };
		8ACB55372DE5CA4700A00609 /* Assets.xcassets in Resources */ = {isa = PBXBuildFile; fileRef = 8ACB55362DE5CA4700A00609 /* Assets.xcassets */; };
		8ACB553A2DE5CA4700A00609 /* LaunchScreen.storyboard in Resources */ = {isa = PBXBuildFile; fileRef = 8ACB55382DE5CA4700A00609 /* LaunchScreen.storyboard */; };
		8ACB55452DE5CA4800A00609 /* TestProjectTests.swift in Sources */ = {isa = PBXBuildFile; fileRef = 8ACB55442DE5CA4800A00609 /* TestProjectTests.swift */; };
		8ACB554F2DE5CA4800A00609 /* TestProjectUITests.swift in Sources */ = {isa = PBXBuildFile; fileRef = 8ACB554E2DE5CA4800A00609 /* TestProjectUITests.swift */; };
		8ACB55512DE5CA4800A00609 /* TestProjectUITestsLaunchTests.swift in Sources */ = {isa = PBXBuildFile; fileRef = 8ACB55502DE5CA4800A00609 /* TestProjectUITestsLaunchTests.swift */; };
/* End PBXBuildFile section */

/* Begin PBXContainerItemProxy section */
		8ACB55412DE5CA4800A00609 /* PBXContainerItemProxy */ = {
			isa = PBXContainerItemProxy;
			containerPortal = 8ACB551F2DE5CA3D00A00609 /* Project object */;
			proxyType = 1;
			remoteGlobalIDString = 8ACB55262DE5CA3E00A00609;
			remoteInfo = TestProject;
		};
		8ACB554B2DE5CA4800A00609 /* PBXContainerItemProxy */ = {
			isa = PBXContainerItemProxy;
			containerPortal = 8ACB551F2DE5CA3D00A00609 /* Project object */;
			proxyType = 1;
			remoteGlobalIDString = 8ACB55262DE5CA3E00A00609;
			remoteInfo = TestProject;
		};
/* End PBXContainerItemProxy section */

/* Begin PBXFileReference section */
		8ACB55272DE5CA3E00A00609 /* TestProject.app */ = {isa = PBXFileReference; explicitFileType = wrapper.application; includeInIndex = 0; path = TestProject.app; sourceTree = BUILT_PRODUCTS_DIR; };
		8ACB552A2DE5CA3E00A00609 /* AppDelegate.swift */ = {isa = PBXFileReference; lastKnownFileType = sourcecode.swift; path = AppDelegate.swift; sourceTree = "<group>"; };
		8ACB552C2DE5CA3E00A00609 /* SceneDelegate.swift */ = {isa = PBXFileReference; lastKnownFileType = sourcecode.swift; path = SceneDelegate.swift; sourceTree = "<group>"; };
		8ACB552E2DE5CA3E00A00609 /* ViewController.swift */ = {isa = PBXFileReference; lastKnownFileType = sourcecode.swift; path = ViewController.swift; sourceTree = "<group>"; };
		8ACB55312DE5CA3E00A00609 /* Base */ = {isa = PBXFileReference; lastKnownFileType = file.storyboard; name = Base; path = Base.lproj/Main.storyboard; sourceTree = "<group>"; };
		8ACB55342DE5CA3E00A00609 /* TestProject.xcdatamodel */ = {isa = PBXFileReference; lastKnownFileType = wrapper.xcdatamodel; path = TestProject.xcdatamodel; sourceTree = "<group>"; };
		8ACB55362DE5CA4700A00609 /* Assets.xcassets */ = {isa = PBXFileReference; lastKnownFileType = folder.assetcatalog; path = Assets.xcassets; sourceTree = "<group>"; };
		8ACB55392DE5CA4700A00609 /* Base */ = {isa = PBXFileReference; lastKnownFileType = file.storyboard; name = Base; path = Base.lproj/LaunchScreen.storyboard; sourceTree = "<group>"; };
		8ACB553B2DE5CA4700A00609 /* Info.plist */ = {isa = PBXFileReference; lastKnownFileType = text.plist.xml; path = Info.plist; sourceTree = "<group>"; };
		8ACB55402DE5CA4700A00609 /* TestProjectTests.xctest */ = {isa = PBXFileReference; explicitFileType = wrapper.cfbundle; includeInIndex = 0; path = TestProjectTests.xctest; sourceTree = BUILT_PRODUCTS_DIR; };
		8ACB55442DE5CA4800A00609 /* TestProjectTests.swift */ = {isa = PBXFileReference; lastKnownFileType = sourcecode.swift; path = TestProjectTests.swift; sourceTree = "<group>"; };
		8ACB554A2DE5CA4800A00609 /* TestProjectUITests.xctest */ = {isa = PBXFileReference; explicitFileType = wrapper.cfbundle; includeInIndex = 0; path = TestProjectUITests.xctest; sourceTree = BUILT_PRODUCTS_DIR; };
		8ACB554E2DE5CA4800A00609 /* TestProjectUITests.swift */ = {isa = PBXFileReference; lastKnownFileType = sourcecode.swift; path = TestProjectUITests.swift; sourceTree = "<group>"; };
		8ACB55502DE5CA4800A00609 /* TestProjectUITestsLaunchTests.swift */ = {isa = PBXFileReference; lastKnownFileType = sourcecode.swift; path = TestProjectUITestsLaunchTests.swift; sourceTree = "<group>"; };
/* End PBXFileReference section */

/* Begin PBXFrameworksBuildPhase section */
		8ACB55242DE5CA3E00A00609 /* Frameworks */ = {
			isa = PBXFrameworksBuildPhase;
			buildActionMask = 2147483647;
			files = (
			);
			runOnlyForDeploymentPostprocessing = 0;
		};
		8ACB553D2DE5CA4700A00609 /* Frameworks */ = {
			isa = PBXFrameworksBuildPhase;
			buildActionMask = 2147483647;
			files = (
			);
			runOnlyForDeploymentPostprocessing = 0;
		};
		8ACB55472DE5CA4800A00609 /* Frameworks */ = {
			isa = PBXFrameworksBuildPhase;
			buildActionMask = 2147483647;
			files = (
			);
			runOnlyForDeploymentPostprocessing = 0;
		};
/* End PBXFrameworksBuildPhase section */

/* Begin PBXGroup section */
		8ACB551E2DE5CA3C00A00609 = {
			isa = PBXGroup;
			children = (
				8ACB55292DE5CA3E00A00609 /* TestProject */,
				8ACB55432DE5CA4800A00609 /* TestProjectTests */,
				8ACB554D2DE5CA4800A00609 /* TestProjectUITests */,
				8ACB55282DE5CA3E00A00609 /* Products */,
			);
			sourceTree = "<group>";
		};
		8ACB55282DE5CA3E00A00609 /* Products */ = {
			isa = PBXGroup;
			children = (
				8ACB55272DE5CA3E00A00609 /* TestProject.app */,
				8ACB55402DE5CA4700A00609 /* TestProjectTests.xctest */,
				8ACB554A2DE5CA4800A00609 /* TestProjectUITests.xctest */,
			);
			name = Products;
			sourceTree = "<group>";
		};
		8ACB55292DE5CA3E00A00609 /* TestProject */ = {
			isa = PBXGroup;
			children = (
				8ACB552A2DE5CA3E00A00609 /* AppDelegate.swift */,
				8ACB552C2DE5CA3E00A00609 /* SceneDelegate.swift */,
				8ACB552E2DE5CA3E00A00609 /* ViewController.swift */,
				8ACB55302DE5CA3E00A00609 /* Main.storyboard */,
				8ACB55362DE5CA4700A00609 /* Assets.xcassets */,
				8ACB55382DE5CA4700A00609 /* LaunchScreen.storyboard */,
				8ACB553B2DE5CA4700A00609 /* Info.plist */,
				8ACB55332DE5CA3E00A00609 /* TestProject.xcdatamodeld */,
			);
			path = TestProject;
			sourceTree = "<group>";
		};
		8ACB55432DE5CA4800A00609 /* TestProjectTests */ = {
			isa = PBXGroup;
			children = (
				8ACB55442DE5CA4800A00609 /* TestProjectTests.swift */,
			);
			path = TestProjectTests;
			sourceTree = "<group>";
		};
		8ACB554D2DE5CA4800A00609 /* TestProjectUITests */ = {
			isa = PBXGroup;
			children = (
				8ACB554E2DE5CA4800A00609 /* TestProjectUITests.swift */,
				8ACB55502DE5CA4800A00609 /* TestProjectUITestsLaunchTests.swift */,
			);
			path = TestProjectUITests;
			sourceTree = "<group>";
		};
/* End PBXGroup section */

/* Begin PBXNativeTarget section */
		8ACB55262DE5CA3E00A00609 /* TestProject */ = {
			isa = PBXNativeTarget;
			buildConfigurationList = 8ACB55542DE5CA4800A00609 /* Build configuration list for PBXNativeTarget "TestProject" */;
			buildPhases = (
				8ACB55232DE5CA3E00A00609 /* Sources */,
				8ACB55242DE5CA3E00A00609 /* Frameworks */,
				8ACB55252DE5CA3E00A00609 /* Resources */,
			);
			buildRules = (
			);
			dependencies = (
			);
			name = TestProject;
			productName = TestProject;
			productReference = 8ACB55272DE5CA3E00A00609 /* TestProject.app */;
			productType = "com.apple.product-type.application";
		};
		8ACB553F2DE5CA4700A00609 /* TestProjectTests */ = {
			isa = PBXNativeTarget;
			buildConfigurationList = 8ACB55572DE5CA4800A00609 /* Build configuration list for PBXNativeTarget "TestProjectTests" */;
			buildPhases = (
				8ACB553C2DE5CA4700A00609 /* Sources */,
				8ACB553D2DE5CA4700A00609 /* Frameworks */,
				8ACB553E2DE5CA4700A00609 /* Resources */,
			);
			buildRules = (
			);
			dependencies = (
				8ACB55422DE5CA4800A00609 /* PBXTargetDependency */,
			);
			name = TestProjectTests;
			productName = TestProjectTests;
			productReference = 8ACB55402DE5CA4700A00609 /* TestProjectTests.xctest */;
			productType = "com.apple.product-type.bundle.unit-test";
		};
		8ACB55492DE5CA4800A00609 /* TestProjectUITests */ = {
			isa = PBXNativeTarget;
			buildConfigurationList = 8ACB555A2DE5CA4800A00609 /* Build configuration list for PBXNativeTarget "TestProjectUITests" */;
			buildPhases = (
				8ACB55462DE5CA4800A00609 /* Sources */,
				8ACB55472DE5CA4800A00609 /* Frameworks */,
				8ACB55482DE5CA4800A00609 /* Resources */,
			);
			buildRules = (
			);
			dependencies = (
				8ACB554C2DE5CA4800A00609 /* PBXTargetDependency */,
			);
			name = TestProjectUITests;
			productName = TestProjectUITests;
			productReference = 8ACB554A2DE5CA4800A00609 /* TestProjectUITests.xctest */;
			productType = "com.apple.product-type.bundle.ui-testing";
		};
/* End PBXNativeTarget section */

/* Begin PBXProject section */
		8ACB551F2DE5CA3D00A00609 /* Project object */ = {
			isa = PBXProject;
			attributes = {
				BuildIndependentTargetsInParallel = 1;
				LastSwiftUpdateCheck = 1430;
				LastUpgradeCheck = 1430;
				TargetAttributes = {
					8ACB55262DE5CA3E00A00609 = {
						CreatedOnToolsVersion = 14.3.1;
					};
					8ACB553F2DE5CA4700A00609 = {
						CreatedOnToolsVersion = 14.3.1;
						TestTargetID = 8ACB55262DE5CA3E00A00609;
					};
					8ACB55492DE5CA4800A00609 = {
						CreatedOnToolsVersion = 14.3.1;
						TestTargetID = 8ACB55262DE5CA3E00A00609;
					};
				};
			};
			buildConfigurationList = 8ACB55222DE5CA3D00A00609 /* Build configuration list for PBXProject "TestProject" */;
			compatibilityVersion = "Xcode 14.0";
			developmentRegion = en;
			hasScannedForEncodings = 0;
			knownRegions = (
				en,
				Base,
			);
			mainGroup = 8ACB551E2DE5CA3C00A00609;
			productRefGroup = 8ACB55282DE5CA3E00A00609 /* Products */;
			projectDirPath = "";
			projectRoot = "";
			targets = (
				8ACB55262DE5CA3E00A00609 /* TestProject */,
				8ACB553F2DE5CA4700A00609 /* TestProjectTests */,
				8ACB55492DE5CA4800A00609 /* TestProjectUITests */,
			);
		};
/* End PBXProject section */

/* Begin PBXResourcesBuildPhase section */
		8ACB55252DE5CA3E00A00609 /* Resources */ = {
			isa = PBXResourcesBuildPhase;
			buildActionMask = 2147483647;
			files = (
				8ACB553A2DE5CA4700A00609 /* LaunchScreen.storyboard in Resources */,
				8ACB55372DE5CA4700A00609 /* Assets.xcassets in Resources */,
				8ACB55322DE5CA3E00A00609 /* Main.storyboard in Resources */,
			);
			runOnlyForDeploymentPostprocessing = 0;
		};
		8ACB553E2DE5CA4700A00609 /* Resources */ = {
			isa = PBXResourcesBuildPhase;
			buildActionMask = 2147483647;
			files = (
			);
			runOnlyForDeploymentPostprocessing = 0;
		};
		8ACB55482DE5CA4800A00609 /* Resources */ = {
			isa = PBXResourcesBuildPhase;
			buildActionMask = 2147483647;
			files = (
			);
			runOnlyForDeploymentPostprocessing = 0;
		};
/* End PBXResourcesBuildPhase section */

/* Begin PBXSourcesBuildPhase section */
		8ACB55232DE5CA3E00A00609 /* Sources */ = {
			isa = PBXSourcesBuildPhase;
			buildActionMask = 2147483647;
			files = (
				8ACB552F2DE5CA3E00A00609 /* ViewController.swift in Sources */,
				8ACB552B2DE5CA3E00A00609 /* AppDelegate.swift in Sources */,
				8ACB552D2DE5CA3E00A00609 /* SceneDelegate.swift in Sources */,
				8ACB55352DE5CA3E00A00609 /* TestProject.xcdatamodeld in Sources */,
			);
			runOnlyForDeploymentPostprocessing = 0;
		};
		8ACB553C2DE5CA4700A00609 /* Sources */ = {
			isa = PBXSourcesBuildPhase;
			buildActionMask = 2147483647;
			files = (
				8ACB55452DE5CA4800A00609 /* TestProjectTests.swift in Sources */,
			);
			runOnlyForDeploymentPostprocessing = 0;
		};
		8ACB55462DE5CA4800A00609 /* Sources */ = {
			isa = PBXSourcesBuildPhase;
			buildActionMask = 2147483647;
			files = (
				8ACB55512DE5CA4800A00609 /* TestProjectUITestsLaunchTests.swift in Sources */,
				8ACB554F2DE5CA4800A00609 /* TestProjectUITests.swift in Sources */,
			);
			runOnlyForDeploymentPostprocessing = 0;
		};
/* End PBXSourcesBuildPhase section */

/* Begin PBXTargetDependency section */
		8ACB55422DE5CA4800A00609 /* PBXTargetDependency */ = {
			isa = PBXTargetDependency;
			target = 8ACB55262DE5CA3E00A00609 /* TestProject */;
			targetProxy = 8ACB55412DE5CA4800A00609 /* PBXContainerItemProxy */;
		};
		8ACB554C2DE5CA4800A00609 /* PBXTargetDependency */ = {
			isa = PBXTargetDependency;
			target = 8ACB55262DE5CA3E00A00609 /* TestProject */;
			targetProxy = 8ACB554B2DE5CA4800A00609 /* PBXContainerItemProxy */;
		};
/* End PBXTargetDependency section */

/* Begin PBXVariantGroup section */
		8ACB55302DE5CA3E00A00609 /* Main.storyboard */ = {
			isa = PBXVariantGroup;
			children = (
				8ACB55312DE5CA3E00A00609 /* Base */,
			);
			name = Main.storyboard;
			sourceTree = "<group>";
		};
		8ACB55382DE5CA4700A00609 /* LaunchScreen.storyboard */ = {
			isa = PBXVariantGroup;
			children = (
				8ACB55392DE5CA4700A00609 /* Base */,
			);
			name = LaunchScreen.storyboard;
			sourceTree = "<group>";
		};
/* End PBXVariantGroup section */

/* Begin XCBuildConfiguration section */
		8ACB55522DE5CA4800A00609 /* Debug */ = {
			isa = XCBuildConfiguration;
			buildSettings = {
				ALWAYS_SEARCH_USER_PATHS = NO;
				CLANG_ANALYZER_NONNULL = YES;
				CLANG_ANALYZER_NUMBER_OBJECT_CONVERSION = YES_AGGRESSIVE;
				CLANG_CXX_LANGUAGE_STANDARD = "gnu++20";
				CLANG_ENABLE_MODULES = YES;
				CLANG_ENABLE_OBJC_ARC = YES;
				CLANG_ENABLE_OBJC_WEAK = YES;
				CLANG_WARN_BLOCK_CAPTURE_AUTORELEASING = YES;
				CLANG_WARN_BOOL_CONVERSION = YES;
				CLANG_WARN_COMMA = YES;
				CLANG_WARN_CONSTANT_CONVERSION = YES;
				CLANG_WARN_DEPRECATED_OBJC_IMPLEMENTATIONS = YES;
				CLANG_WARN_DIRECT_OBJC_ISA_USAGE = YES_ERROR;
				CLANG_WARN_DOCUMENTATION_COMMENTS = YES;
				CLANG_WARN_EMPTY_BODY = YES;
				CLANG_WARN_ENUM_CONVERSION = YES;
				CLANG_WARN_INFINITE_RECURSION = YES;
				CLANG_WARN_INT_CONVERSION = YES;
				CLANG_WARN_NON_LITERAL_NULL_CONVERSION = YES;
				CLANG_WARN_OBJC_IMPLICIT_RETAIN_SELF = YES;
				CLANG_WARN_OBJC_LITERAL_CONVERSION = YES;
				CLANG_WARN_OBJC_ROOT_CLASS = YES_ERROR;
				CLANG_WARN_QUOTED_INCLUDE_IN_FRAMEWORK_HEADER = YES;
				CLANG_WARN_RANGE_LOOP_ANALYSIS = YES;
				CLANG_WARN_STRICT_PROTOTYPES = YES;
				CLANG_WARN_SUSPICIOUS_MOVE = YES;
				CLANG_WARN_UNGUARDED_AVAILABILITY = YES_AGGRESSIVE;
				CLANG_WARN_UNREACHABLE_CODE = YES;
				CLANG_WARN__DUPLICATE_METHOD_MATCH = YES;
				COPY_PHASE_STRIP = NO;
				DEBUG_INFORMATION_FORMAT = dwarf;
				ENABLE_STRICT_OBJC_MSGSEND = YES;
				ENABLE_TESTABILITY = YES;
				GCC_C_LANGUAGE_STANDARD = gnu11;
				GCC_DYNAMIC_NO_PIC = NO;
				GCC_NO_COMMON_BLOCKS = YES;
				GCC_OPTIMIZATION_LEVEL = 0;
				GCC_PREPROCESSOR_DEFINITIONS = (
					"DEBUG=1",
					"$(inherited)",
				);
				GCC_WARN_64_TO_32_BIT_CONVERSION = YES;
				GCC_WARN_ABOUT_RETURN_TYPE = YES_ERROR;
				GCC_WARN_UNDECLARED_SELECTOR = YES;
				GCC_WARN_UNINITIALIZED_AUTOS = YES_AGGRESSIVE;
				GCC_WARN_UNUSED_FUNCTION = YES;
				GCC_WARN_UNUSED_VARIABLE = YES;
				IPHONEOS_DEPLOYMENT_TARGET = 16.4;
				MTL_ENABLE_DEBUG_INFO = INCLUDE_SOURCE;
				MTL_FAST_MATH = YES;
				ONLY_ACTIVE_ARCH = YES;
				SDKROOT = iphoneos;
				SWIFT_ACTIVE_COMPILATION_CONDITIONS = DEBUG;
				SWIFT_OPTIMIZATION_LEVEL = "-Onone";
			};
			name = Debug;
		};
		8ACB55532DE5CA4800A00609 /* Release */ = {
			isa = XCBuildConfiguration;
			buildSettings = {
				ALWAYS_SEARCH_USER_PATHS = NO;
				CLANG_ANALYZER_NONNULL = YES;
				CLANG_ANALYZER_NUMBER_OBJECT_CONVERSION = YES_AGGRESSIVE;
				CLANG_CXX_LANGUAGE_STANDARD = "gnu++20";
				CLANG_ENABLE_MODULES = YES;
				CLANG_ENABLE_OBJC_ARC = YES;
				CLANG_ENABLE_OBJC_WEAK = YES;
				CLANG_WARN_BLOCK_CAPTURE_AUTORELEASING = YES;
				CLANG_WARN_BOOL_CONVERSION = YES;
				CLANG_WARN_COMMA = YES;
				CLANG_WARN_CONSTANT_CONVERSION = YES;
				CLANG_WARN_DEPRECATED_OBJC_IMPLEMENTATIONS = YES;
				CLANG_WARN_DIRECT_OBJC_ISA_USAGE = YES_ERROR;
				CLANG_WARN_DOCUMENTATION_COMMENTS = YES;
				CLANG_WARN_EMPTY_BODY = YES;
				CLANG_WARN_ENUM_CONVERSION = YES;
				CLANG_WARN_INFINITE_RECURSION = YES;
				CLANG_WARN_INT_CONVERSION = YES;
				CLANG_WARN_NON_LITERAL_NULL_CONVERSION = YES;
				CLANG_WARN_OBJC_IMPLICIT_RETAIN_SELF = YES;
				CLANG_WARN_OBJC_LITERAL_CONVERSION = YES;
				CLANG_WARN_OBJC_ROOT_CLASS = YES_ERROR;
				CLANG_WARN_QUOTED_INCLUDE_IN_FRAMEWORK_HEADER = YES;
				CLANG_WARN_RANGE_LOOP_ANALYSIS = YES;
				CLANG_WARN_STRICT_PROTOTYPES = YES;
				CLANG_WARN_SUSPICIOUS_MOVE = YES;
				CLANG_WARN_UNGUARDED_AVAILABILITY = YES_AGGRESSIVE;
				CLANG_WARN_UNREACHABLE_CODE = YES;
				CLANG_WARN__DUPLICATE_METHOD_MATCH = YES;
				COPY_PHASE_STRIP = NO;
				DEBUG_INFORMATION_FORMAT = "dwarf-with-dsym";
				ENABLE_NS_ASSERTIONS = NO;
				ENABLE_STRICT_OBJC_MSGSEND = YES;
				GCC_C_LANGUAGE_STANDARD = gnu11;
				GCC_NO_COMMON_BLOCKS = YES;
				GCC_WARN_64_TO_32_BIT_CONVERSION = YES;
				GCC_WARN_ABOUT_RETURN_TYPE = YES_ERROR;
				GCC_WARN_UNDECLARED_SELECTOR = YES;
				GCC_WARN_UNINITIALIZED_AUTOS = YES_AGGRESSIVE;
				GCC_WARN_UNUSED_FUNCTION = YES;
				GCC_WARN_UNUSED_VARIABLE = YES;
				IPHONEOS_DEPLOYMENT_TARGET = 16.4;
				MTL_ENABLE_DEBUG_INFO = NO;
				MTL_FAST_MATH = YES;
				SDKROOT = iphoneos;
				SWIFT_COMPILATION_MODE = wholemodule;
				SWIFT_OPTIMIZATION_LEVEL = "-O";
				VALIDATE_PRODUCT = YES;
			};
			name = Release;
		};
		8ACB55552DE5CA4800A00609 /* Debug */ = {
			isa = XCBuildConfiguration;
			buildSettings = {
				ASSETCATALOG_COMPILER_APPICON_NAME = AppIcon;
				ASSETCATALOG_COMPILER_GLOBAL_ACCENT_COLOR_NAME = AccentColor;
				CODE_SIGN_STYLE = Automatic;
				CURRENT_PROJECT_VERSION = 1;
				GENERATE_INFOPLIST_FILE = YES;
				INFOPLIST_FILE = TestProject/Info.plist;
				INFOPLIST_KEY_UIApplicationSupportsIndirectInputEvents = YES;
				INFOPLIST_KEY_UILaunchStoryboardName = LaunchScreen;
				INFOPLIST_KEY_UIMainStoryboardFile = Main;
				INFOPLIST_KEY_UISupportedInterfaceOrientations_iPad = "UIInterfaceOrientationPortrait UIInterfaceOrientationPortraitUpsideDown UIInterfaceOrientationLandscapeLeft UIInterfaceOrientationLandscapeRight";
				INFOPLIST_KEY_UISupportedInterfaceOrientations_iPhone = "UIInterfaceOrientationPortrait UIInterfaceOrientationLandscapeLeft UIInterfaceOrientationLandscapeRight";
				LD_RUNPATH_SEARCH_PATHS = (
					"$(inherited)",
					"@executable_path/Frameworks",
				);
				MARKETING_VERSION = 1.0;
				PRODUCT_BUNDLE_IDENTIFIER = iosSwift.TestProject;
				PRODUCT_NAME = "$(TARGET_NAME)";
				SWIFT_EMIT_LOC_STRINGS = YES;
				SWIFT_VERSION = 5.0;
				TARGETED_DEVICE_FAMILY = "1,2";
			};
			name = Debug;
		};
		8ACB55562DE5CA4800A00609 /* Release */ = {
			isa = XCBuildConfiguration;
			buildSettings = {
				ASSETCATALOG_COMPILER_APPICON_NAME = AppIcon;
				ASSETCATALOG_COMPILER_GLOBAL_ACCENT_COLOR_NAME = AccentColor;
				CODE_SIGN_STYLE = Automatic;
				CURRENT_PROJECT_VERSION = 1;
				GENERATE_INFOPLIST_FILE = YES;
				INFOPLIST_FILE = TestProject/Info.plist;
				INFOPLIST_KEY_UIApplicationSupportsIndirectInputEvents = YES;
				INFOPLIST_KEY_UILaunchStoryboardName = LaunchScreen;
				INFOPLIST_KEY_UIMainStoryboardFile = Main;
				INFOPLIST_KEY_UISupportedInterfaceOrientations_iPad = "UIInterfaceOrientationPortrait UIInterfaceOrientationPortraitUpsideDown UIInterfaceOrientationLandscapeLeft UIInterfaceOrientationLandscapeRight";
				INFOPLIST_KEY_UISupportedInterfaceOrientations_iPhone = "UIInterfaceOrientationPortrait UIInterfaceOrientationLandscapeLeft UIInterfaceOrientationLandscapeRight";
				LD_RUNPATH_SEARCH_PATHS = (
					"$(inherited)",
					"@executable_path/Frameworks",
				);
				MARKETING_VERSION = 1.0;
				PRODUCT_BUNDLE_IDENTIFIER = iosSwift.TestProject;
				PRODUCT_NAME = "$(TARGET_NAME)";
				SWIFT_EMIT_LOC_STRINGS = YES;
				SWIFT_VERSION = 5.0;
				TARGETED_DEVICE_FAMILY = "1,2";
			};
			name = Release;
		};
		8ACB55582DE5CA4800A00609 /* Debug */ = {
			isa = XCBuildConfiguration;
			buildSettings = {
				ALWAYS_EMBED_SWIFT_STANDARD_LIBRARIES = YES;
				BUNDLE_LOADER = "$(TEST_HOST)";
				CODE_SIGN_STYLE = Automatic;
				CURRENT_PROJECT_VERSION = 1;
				GENERATE_INFOPLIST_FILE = YES;
				IPHONEOS_DEPLOYMENT_TARGET = 16.4;
				MARKETING_VERSION = 1.0;
				PRODUCT_BUNDLE_IDENTIFIER = iosSwift.TestProjectTests;
				PRODUCT_NAME = "$(TARGET_NAME)";
				SWIFT_EMIT_LOC_STRINGS = NO;
				SWIFT_VERSION = 5.0;
				TARGETED_DEVICE_FAMILY = "1,2";
				TEST_HOST = "$(BUILT_PRODUCTS_DIR)/TestProject.app/$(BUNDLE_EXECUTABLE_FOLDER_PATH)/TestProject";
			};
			name = Debug;
		};
		8ACB55592DE5CA4800A00609 /* Release */ = {
			isa = XCBuildConfiguration;
			buildSettings = {
				ALWAYS_EMBED_SWIFT_STANDARD_LIBRARIES = YES;
				BUNDLE_LOADER = "$(TEST_HOST)";
				CODE_SIGN_STYLE = Automatic;
				CURRENT_PROJECT_VERSION = 1;
				GENERATE_INFOPLIST_FILE = YES;
				IPHONEOS_DEPLOYMENT_TARGET = 16.4;
				MARKETING_VERSION = 1.0;
				PRODUCT_BUNDLE_IDENTIFIER = iosSwift.TestProjectTests;
				PRODUCT_NAME = "$(TARGET_NAME)";
				SWIFT_EMIT_LOC_STRINGS = NO;
				SWIFT_VERSION = 5.0;
				TARGETED_DEVICE_FAMILY = "1,2";
				TEST_HOST = "$(BUILT_PRODUCTS_DIR)/TestProject.app/$(BUNDLE_EXECUTABLE_FOLDER_PATH)/TestProject";
			};
			name = Release;
		};
		8ACB555B2DE5CA4800A00609 /* Debug */ = {
			isa = XCBuildConfiguration;
			buildSettings = {
				ALWAYS_EMBED_SWIFT_STANDARD_LIBRARIES = YES;
				CODE_SIGN_STYLE = Automatic;
				CURRENT_PROJECT_VERSION = 1;
				GENERATE_INFOPLIST_FILE = YES;
				MARKETING_VERSION = 1.0;
				PRODUCT_BUNDLE_IDENTIFIER = iosSwift.TestProjectUITests;
				PRODUCT_NAME = "$(TARGET_NAME)";
				SWIFT_EMIT_LOC_STRINGS = NO;
				SWIFT_VERSION = 5.0;
				TARGETED_DEVICE_FAMILY = "1,2";
				TEST_TARGET_NAME = TestProject;
			};
			name = Debug;
		};
		8ACB555C2DE5CA4800A00609 /* Release */ = {
			isa = XCBuildConfiguration;
			buildSettings = {
				ALWAYS_EMBED_SWIFT_STANDARD_LIBRARIES = YES;
				CODE_SIGN_STYLE = Automatic;
				CURRENT_PROJECT_VERSION = 1;
				GENERATE_INFOPLIST_FILE = YES;
				MARKETING_VERSION = 1.0;
				PRODUCT_BUNDLE_IDENTIFIER = iosSwift.TestProjectUITests;
				PRODUCT_NAME = "$(TARGET_NAME)";
				SWIFT_EMIT_LOC_STRINGS = NO;
				SWIFT_VERSION = 5.0;
				TARGETED_DEVICE_FAMILY = "1,2";
				TEST_TARGET_NAME = TestProject;
			};
			name = Release;
		};
/* End XCBuildConfiguration section */

/* Begin XCConfigurationList section */
		8ACB55222DE5CA3D00A00609 /* Build configuration list for PBXProject "TestProject" */ = {
			isa = XCConfigurationList;
			buildConfigurations = (
				8ACB55522DE5CA4800A00609 /* Debug */,
				8ACB55532DE5CA4800A00609 /* Release */,
			);
			defaultConfigurationIsVisible = 0;
			defaultConfigurationName = Release;
		};
		8ACB55542DE5CA4800A00609 /* Build configuration list for PBXNativeTarget "TestProject" */ = {
			isa = XCConfigurationList;
			buildConfigurations = (
				8ACB55552DE5CA4800A00609 /* Debug */,
				8ACB55562DE5CA4800A00609 /* Release */,
			);
			defaultConfigurationIsVisible = 0;
			defaultConfigurationName = Release;
		};
		8ACB55572DE5CA4800A00609 /* Build configuration list for PBXNativeTarget "TestProjectTests" */ = {
			isa = XCConfigurationList;
			buildConfigurations = (
				8ACB55582DE5CA4800A00609 /* Debug */,
				8ACB55592DE5CA4800A00609 /* Release */,
			);
			defaultConfigurationIsVisible = 0;
			defaultConfigurationName = Release;
		};
		8ACB555A2DE5CA4800A00609 /* Build configuration list for PBXNativeTarget "TestProjectUITests" */ = {
			isa = XCConfigurationList;
			buildConfigurations = (
				8ACB555B2DE5CA4800A00609 /* Debug */,
				8ACB555C2DE5CA4800A00609 /* Release */,
			);
			defaultConfigurationIsVisible = 0;
			defaultConfigurationName = Release;
		};
/* End XCConfigurationList section */

/* Begin XCVersionGroup section */
		8ACB55332DE5CA3E00A00609 /* TestProject.xcdatamodeld */ = {
			isa = XCVersionGroup;
			children = (
				8ACB55342DE5CA3E00A00609 /* TestProject.xcdatamodel */,
			);
			currentVersion = 8ACB55342DE5CA3E00A00609 /* TestProject.xcdatamodel */;
			path = TestProject.xcdatamodeld;
			sourceTree = "<group>";
			versionGroupType = wrapper.xcdatamodel;
		};
/* End XCVersionGroup section */
	};
	rootObject = 8ACB551F2DE5CA3D00A00609 /* Project object */;
}
